
Microsoft Visual Studio Solution File, Format Version 12.00
# Visual Studio Version 16
VisualStudioVersion = 16.0.31229.75
MinimumVisualStudioVersion = 10.0.40219.1
Project("{8BC9CEB8-8B4A-11D0-8D11-00A0C91BC942}") = "idaplugin", "idaplugin.vcxproj", "{48F00EAA-C31F-4AD7-BD30-96BDF0A09E9E}"
EndProject
Project("{2150E333-8FDC-42A3-9474-1A3956D46DE8}") = "Solution Items", "Solution Items", "{FF94E4CF-57FA-4CD5-B816-11EAB9216594}"
	ProjectSection(SolutionItems) = preProject
		README.md = README.md
	EndProjectSection
EndProject
Global
	GlobalSection(SolutionConfigurationPlatforms) = preSolution
		Debug|x64 = Debug|x64
		Debug|x86 = Debug|x86
		Release|x64 = Release|x64
		Release|x86 = Release|x86
	EndGlobalSection
	GlobalSection(ProjectConfigurationPlatforms) = postSolution
		{48F00EAA-C31F-4AD7-BD30-96BDF0A09E9E}.Debug|x64.ActiveCfg = Debug|x64
		{48F00EAA-C31F-4AD7-BD30-96BDF0A09E9E}.Debug|x64.Build.0 = Debug|x64
		{48F00EAA-C31F-4AD7-BD30-96BDF0A09E9E}.Debug|x86.ActiveCfg = Debug|Win32
		{48F00EAA-C31F-4AD7-BD30-96BDF0A09E9E}.Debug|x86.Build.0 = Debug|Win32
		{48F00EAA-C31F-4AD7-BD30-96BDF0A09E9E}.Release|x64.ActiveCfg = Release|x64
		{48F00EAA-C31F-4AD7-BD30-96BDF0A09E9E}.Release|x64.Build.0 = Release|x64
		{48F00EAA-C31F-4AD7-BD30-96BDF0A09E9E}.Release|x86.ActiveCfg = Release|Win32
		{48F00EAA-C31F-4AD7-BD30-96BDF0A09E9E}.Release|x86.Build.0 = Release|Win32
	EndGlobalSection
	GlobalSection(SolutionProperties) = preSolution
		HideSolutionNode = FALSE
	EndGlobalSection
	GlobalSection(ExtensibilityGlobals) = postSolution
		SolutionGuid = {1BF753BB-EC01-4F5B-8E4D-11A760B172D2}
	EndGlobalSection
EndGlobal
